
Microsoft Visual Studio Solution File, Format Version 12.00
# Visual Studio Version 17
VisualStudioVersion = 17.14.36414.22
MinimumVisualStudioVersion = 10.0.40219.1
Project("{2150E333-8FDC-42A3-9474-1A3956D46DE8}") = "Chapter02", "Chapter02", "{02EA681E-C7D8-13C7-8484-4AC65E1B71E8}"
EndProject
Project("{8BC9CEB8-8B4A-11D0-8D11-00A0C91BC942}") = "DirectXMathExample", "Chapter02\DirectXMathExample\DirectXMathExample.vcxproj", "{5726163F-C98D-4A8D-B8CD-E1EF74004D55}"
EndProject
Project("{2150E333-8FDC-42A3-9474-1A3956D46DE8}") = "Chapter04", "Chapter04", "{04F9C63F-B18E-4141-B2CC-373C4E7751DA}"
EndProject
Project("{8BC9CEB8-8B4A-11D0-8D11-00A0C91BC942}") = "InitDirect3DApp", "Chapter04\InitDirect3DApp\InitDirect3DApp.vcxproj", "{45F3E99B-40E0-4E52-96AE-86F9DE0D5DA3}"
EndProject
Project("{2150E333-8FDC-42A3-9474-1A3956D46DE8}") = "Chapter06", "Chapter06", "{DF24D38C-59A6-4942-BC3E-E31F80A9554D}"
EndProject
Project("{8BC9CEB8-8B4A-11D0-8D11-00A0C91BC942}") = "BoxApp", "Chapter06\BoxApp\BoxApp.vcxproj", "{F301CA65-513B-4B47-A7A9-810EA9903511}"
EndProject
Project("{8BC9CEB8-8B4A-11D0-8D11-00A0C91BC942}") = "Exercise01", "Chapter06\Exercise01\Exercise01.vcxproj", "{0F9E0F5D-3584-447A-83A0-BF072BABA68A}"
EndProject
Project("{8BC9CEB8-8B4A-11D0-8D11-00A0C91BC942}") = "Exercise02", "Chapter06\Exercise02\Exercise02.vcxproj", "{ED35F8A9-060E-408F-90F5-D5CB7EF8E509}"
EndProject
Project("{8BC9CEB8-8B4A-11D0-8D11-00A0C91BC942}") = "Exercise03", "Chapter06\Exercise03\Exercise03.vcxproj", "{18AEA36C-7EFE-4EC1-BB8A-075F6CAF6268}"
EndProject
Project("{8BC9CEB8-8B4A-11D0-8D11-00A0C91BC942}") = "Exercise04", "Chapter06\Exercise04\Exercise04.vcxproj", "{3CD717E4-921C-42EA-AFEB-E9E195072EBA}"
EndProject
Project("{8BC9CEB8-8B4A-11D0-8D11-00A0C91BC942}") = "Exercise06", "Chapter06\Exercise06\Exercise06.vcxproj", "{7C330C3F-FA58-448B-84C6-0E7EF1CC8560}"
EndProject
Project("{8BC9CEB8-8B4A-11D0-8D11-00A0C91BC942}") = "Exercise07", "Chapter06\Exercise07\Exercise07.vcxproj", "{F31C3311-F56E-4FB4-BD04-F85F94583FCC}"
EndProject
Project("{8BC9CEB8-8B4A-11D0-8D11-00A0C91BC942}") = "Exercise08", "Chapter06\Exercise08\Exercise08.vcxproj", "{79F75D2D-80A1-4C7F-9657-1A1756C920F3}"
EndProject
Project("{8BC9CEB8-8B4A-11D0-8D11-00A0C91BC942}") = "Exercise09", "Chapter06\Exercise09\Exercise09.vcxproj", "{E3070E6D-0EB3-4725-A9A6-7681D081D88B}"
EndProject
Project("{8BC9CEB8-8B4A-11D0-8D11-00A0C91BC942}") = "Exercise10", "Chapter06\Exercise10\Exercise10.vcxproj", "{0BA6B0BC-05D5-4AD4-8E51-C826F6CFF241}"
EndProject
Project("{8BC9CEB8-8B4A-11D0-8D11-00A0C91BC942}") = "Exercise12", "Chapter06\Exercise12\Exercise12.vcxproj", "{4A6062D7-A58B-41DD-8B75-A2762DF84C65}"
EndProject
Project("{8BC9CEB8-8B4A-11D0-8D11-00A0C91BC942}") = "Exercise13", "Chapter06\Exercise13\Exercise13.vcxproj", "{B51F1AC1-7F93-4F5B-AE0E-7C4B7AB6A932}"
EndProject
Project("{8BC9CEB8-8B4A-11D0-8D11-00A0C91BC942}") = "Exercise14", "Chapter06\Exercise14\Exercise14.vcxproj", "{88270E18-6ACE-4AD7-8471-65696142C703}"
EndProject
Project("{8BC9CEB8-8B4A-11D0-8D11-00A0C91BC942}") = "Exercise15", "Chapter06\Exercise15\Exercise15.vcxproj", "{BE8927D2-F5A5-46B3-B117-D064E5B6DE5A}"
EndProject
Project("{8BC9CEB8-8B4A-11D0-8D11-00A0C91BC942}") = "Exercise16", "Chapter06\Exercise16\Exercise16.vcxproj", "{790CB509-6D5F-478C-B638-FC893B52DD90}"
EndProject
Project("{2150E333-8FDC-42A3-9474-1A3956D46DE8}") = "Chapter07", "Chapter07", "{42D27BA7-CE6E-45C1-94FF-B5B12845739B}"
EndProject
Project("{8BC9CEB8-8B4A-11D0-8D11-00A0C91BC942}") = "ShapesApp", "Chapter07\ShapesApp\ShapesApp.vcxproj", "{9D96CAD5-77EC-43BD-A02E-FBBD72197607}"
EndProject
Project("{8BC9CEB8-8B4A-11D0-8D11-00A0C91BC942}") = "LandAndWaves", "Chapter07\LandAndWaves\LandAndWaves.vcxproj", "{9DA8CF36-93A5-4849-BA96-C9217029464A}"
EndProject
Global
	GlobalSection(SolutionConfigurationPlatforms) = preSolution
		Debug|x64 = Debug|x64
		Debug|x86 = Debug|x86
		Release|x64 = Release|x64
		Release|x86 = Release|x86
	EndGlobalSection
	GlobalSection(ProjectConfigurationPlatforms) = postSolution
		{5726163F-C98D-4A8D-B8CD-E1EF74004D55}.Debug|x64.ActiveCfg = Debug|x64
		{5726163F-C98D-4A8D-B8CD-E1EF74004D55}.Debug|x64.Build.0 = Debug|x64
		{5726163F-C98D-4A8D-B8CD-E1EF74004D55}.Debug|x86.ActiveCfg = Debug|Win32
		{5726163F-C98D-4A8D-B8CD-E1EF74004D55}.Debug|x86.Build.0 = Debug|Win32
		{5726163F-C98D-4A8D-B8CD-E1EF74004D55}.Release|x64.ActiveCfg = Release|x64
		{5726163F-C98D-4A8D-B8CD-E1EF74004D55}.Release|x64.Build.0 = Release|x64
		{5726163F-C98D-4A8D-B8CD-E1EF74004D55}.Release|x86.ActiveCfg = Release|Win32
		{5726163F-C98D-4A8D-B8CD-E1EF74004D55}.Release|x86.Build.0 = Release|Win32
		{45F3E99B-40E0-4E52-96AE-86F9DE0D5DA3}.Debug|x64.ActiveCfg = Debug|x64
		{45F3E99B-40E0-4E52-96AE-86F9DE0D5DA3}.Debug|x64.Build.0 = Debug|x64
		{45F3E99B-40E0-4E52-96AE-86F9DE0D5DA3}.Debug|x86.ActiveCfg = Debug|Win32
		{45F3E99B-40E0-4E52-96AE-86F9DE0D5DA3}.Debug|x86.Build.0 = Debug|Win32
		{45F3E99B-40E0-4E52-96AE-86F9DE0D5DA3}.Release|x64.ActiveCfg = Release|x64
		{45F3E99B-40E0-4E52-96AE-86F9DE0D5DA3}.Release|x64.Build.0 = Release|x64
		{45F3E99B-40E0-4E52-96AE-86F9DE0D5DA3}.Release|x86.ActiveCfg = Release|Win32
		{45F3E99B-40E0-4E52-96AE-86F9DE0D5DA3}.Release|x86.Build.0 = Release|Win32
		{F301CA65-513B-4B47-A7A9-810EA9903511}.Debug|x64.ActiveCfg = Debug|x64
		{F301CA65-513B-4B47-A7A9-810EA9903511}.Debug|x64.Build.0 = Debug|x64
		{F301CA65-513B-4B47-A7A9-810EA9903511}.Debug|x86.ActiveCfg = Debug|Win32
		{F301CA65-513B-4B47-A7A9-810EA9903511}.Debug|x86.Build.0 = Debug|Win32
		{F301CA65-513B-4B47-A7A9-810EA9903511}.Release|x64.ActiveCfg = Release|x64
		{F301CA65-513B-4B47-A7A9-810EA9903511}.Release|x64.Build.0 = Release|x64
		{F301CA65-513B-4B47-A7A9-810EA9903511}.Release|x86.ActiveCfg = Release|Win32
		{F301CA65-513B-4B47-A7A9-810EA9903511}.Release|x86.Build.0 = Release|Win32
		{0F9E0F5D-3584-447A-83A0-BF072BABA68A}.Debug|x64.ActiveCfg = Debug|x64
		{0F9E0F5D-3584-447A-83A0-BF072BABA68A}.Debug|x64.Build.0 = Debug|x64
		{0F9E0F5D-3584-447A-83A0-BF072BABA68A}.Debug|x86.ActiveCfg = Debug|Win32
		{0F9E0F5D-3584-447A-83A0-BF072BABA68A}.Debug|x86.Build.0 = Debug|Win32
		{0F9E0F5D-3584-447A-83A0-BF072BABA68A}.Release|x64.ActiveCfg = Release|x64
		{0F9E0F5D-3584-447A-83A0-BF072BABA68A}.Release|x64.Build.0 = Release|x64
		{0F9E0F5D-3584-447A-83A0-BF072BABA68A}.Release|x86.ActiveCfg = Release|Win32
		{0F9E0F5D-3584-447A-83A0-BF072BABA68A}.Release|x86.Build.0 = Release|Win32
		{ED35F8A9-060E-408F-90F5-D5CB7EF8E509}.Debug|x64.ActiveCfg = Debug|x64
		{ED35F8A9-060E-408F-90F5-D5CB7EF8E509}.Debug|x64.Build.0 = Debug|x64
		{ED35F8A9-060E-408F-90F5-D5CB7EF8E509}.Debug|x86.ActiveCfg = Debug|Win32
		{ED35F8A9-060E-408F-90F5-D5CB7EF8E509}.Debug|x86.Build.0 = Debug|Win32
		{ED35F8A9-060E-408F-90F5-D5CB7EF8E509}.Release|x64.ActiveCfg = Release|x64
		{ED35F8A9-060E-408F-90F5-D5CB7EF8E509}.Release|x64.Build.0 = Release|x64
		{ED35F8A9-060E-408F-90F5-D5CB7EF8E509}.Release|x86.ActiveCfg = Release|Win32
		{ED35F8A9-060E-408F-90F5-D5CB7EF8E509}.Release|x86.Build.0 = Release|Win32
		{18AEA36C-7EFE-4EC1-BB8A-075F6CAF6268}.Debug|x64.ActiveCfg = Debug|x64
		{18AEA36C-7EFE-4EC1-BB8A-075F6CAF6268}.Debug|x64.Build.0 = Debug|x64
		{18AEA36C-7EFE-4EC1-BB8A-075F6CAF6268}.Debug|x86.ActiveCfg = Debug|Win32
		{18AEA36C-7EFE-4EC1-BB8A-075F6CAF6268}.Debug|x86.Build.0 = Debug|Win32
		{18AEA36C-7EFE-4EC1-BB8A-075F6CAF6268}.Release|x64.ActiveCfg = Release|x64
		{18AEA36C-7EFE-4EC1-BB8A-075F6CAF6268}.Release|x64.Build.0 = Release|x64
		{18AEA36C-7EFE-4EC1-BB8A-075F6CAF6268}.Release|x86.ActiveCfg = Release|Win32
		{18AEA36C-7EFE-4EC1-BB8A-075F6CAF6268}.Release|x86.Build.0 = Release|Win32
		{3CD717E4-921C-42EA-AFEB-E9E195072EBA}.Debug|x64.ActiveCfg = Debug|x64
		{3CD717E4-921C-42EA-AFEB-E9E195072EBA}.Debug|x64.Build.0 = Debug|x64
		{3CD717E4-921C-42EA-AFEB-E9E195072EBA}.Debug|x86.ActiveCfg = Debug|Win32
		{3CD717E4-921C-42EA-AFEB-E9E195072EBA}.Debug|x86.Build.0 = Debug|Win32
		{3CD717E4-921C-42EA-AFEB-E9E195072EBA}.Release|x64.ActiveCfg = Release|x64
		{3CD717E4-921C-42EA-AFEB-E9E195072EBA}.Release|x64.Build.0 = Release|x64
		{3CD717E4-921C-42EA-AFEB-E9E195072EBA}.Release|x86.ActiveCfg = Release|Win32
		{3CD717E4-921C-42EA-AFEB-E9E195072EBA}.Release|x86.Build.0 = Release|Win32
		{7C330C3F-FA58-448B-84C6-0E7EF1CC8560}.Debug|x64.ActiveCfg = Debug|x64
		{7C330C3F-FA58-448B-84C6-0E7EF1CC8560}.Debug|x64.Build.0 = Debug|x64
		{7C330C3F-FA58-448B-84C6-0E7EF1CC8560}.Debug|x86.ActiveCfg = Debug|Win32
		{7C330C3F-FA58-448B-84C6-0E7EF1CC8560}.Debug|x86.Build.0 = Debug|Win32
		{7C330C3F-FA58-448B-84C6-0E7EF1CC8560}.Release|x64.ActiveCfg = Release|x64
		{7C330C3F-FA58-448B-84C6-0E7EF1CC8560}.Release|x64.Build.0 = Release|x64
		{7C330C3F-FA58-448B-84C6-0E7EF1CC8560}.Release|x86.ActiveCfg = Release|Win32
		{7C330C3F-FA58-448B-84C6-0E7EF1CC8560}.Release|x86.Build.0 = Release|Win32
		{F31C3311-F56E-4FB4-BD04-F85F94583FCC}.Debug|x64.ActiveCfg = Debug|x64
		{F31C3311-F56E-4FB4-BD04-F85F94583FCC}.Debug|x64.Build.0 = Debug|x64
		{F31C3311-F56E-4FB4-BD04-F85F94583FCC}.Debug|x86.ActiveCfg = Debug|Win32
		{F31C3311-F56E-4FB4-BD04-F85F94583FCC}.Debug|x86.Build.0 = Debug|Win32
		{F31C3311-F56E-4FB4-BD04-F85F94583FCC}.Release|x64.ActiveCfg = Release|x64
		{F31C3311-F56E-4FB4-BD04-F85F94583FCC}.Release|x64.Build.0 = Release|x64
		{F31C3311-F56E-4FB4-BD04-F85F94583FCC}.Release|x86.ActiveCfg = Release|Win32
		{F31C3311-F56E-4FB4-BD04-F85F94583FCC}.Release|x86.Build.0 = Release|Win32
		{79F75D2D-80A1-4C7F-9657-1A1756C920F3}.Debug|x64.ActiveCfg = Debug|x64
		{79F75D2D-80A1-4C7F-9657-1A1756C920F3}.Debug|x64.Build.0 = Debug|x64
		{79F75D2D-80A1-4C7F-9657-1A1756C920F3}.Debug|x86.ActiveCfg = Debug|Win32
		{79F75D2D-80A1-4C7F-9657-1A1756C920F3}.Debug|x86.Build.0 = Debug|Win32
		{79F75D2D-80A1-4C7F-9657-1A1756C920F3}.Release|x64.ActiveCfg = Release|x64
		{79F75D2D-80A1-4C7F-9657-1A1756C920F3}.Release|x64.Build.0 = Release|x64
		{79F75D2D-80A1-4C7F-9657-1A1756C920F3}.Release|x86.ActiveCfg = Release|Win32
		{79F75D2D-80A1-4C7F-9657-1A1756C920F3}.Release|x86.Build.0 = Release|Win32
		{E3070E6D-0EB3-4725-A9A6-7681D081D88B}.Debug|x64.ActiveCfg = Debug|x64
		{E3070E6D-0EB3-4725-A9A6-7681D081D88B}.Debug|x64.Build.0 = Debug|x64
		{E3070E6D-0EB3-4725-A9A6-7681D081D88B}.Debug|x86.ActiveCfg = Debug|Win32
		{E3070E6D-0EB3-4725-A9A6-7681D081D88B}.Debug|x86.Build.0 = Debug|Win32
		{E3070E6D-0EB3-4725-A9A6-7681D081D88B}.Release|x64.ActiveCfg = Release|x64
		{E3070E6D-0EB3-4725-A9A6-7681D081D88B}.Release|x64.Build.0 = Release|x64
		{E3070E6D-0EB3-4725-A9A6-7681D081D88B}.Release|x86.ActiveCfg = Release|Win32
		{E3070E6D-0EB3-4725-A9A6-7681D081D88B}.Release|x86.Build.0 = Release|Win32
		{0BA6B0BC-05D5-4AD4-8E51-C826F6CFF241}.Debug|x64.ActiveCfg = Debug|x64
		{0BA6B0BC-05D5-4AD4-8E51-C826F6CFF241}.Debug|x64.Build.0 = Debug|x64
		{0BA6B0BC-05D5-4AD4-8E51-C826F6CFF241}.Debug|x86.ActiveCfg = Debug|Win32
		{0BA6B0BC-05D5-4AD4-8E51-C826F6CFF241}.Debug|x86.Build.0 = Debug|Win32
		{0BA6B0BC-05D5-4AD4-8E51-C826F6CFF241}.Release|x64.ActiveCfg = Release|x64
		{0BA6B0BC-05D5-4AD4-8E51-C826F6CFF241}.Release|x64.Build.0 = Release|x64
		{0BA6B0BC-05D5-4AD4-8E51-C826F6CFF241}.Release|x86.ActiveCfg = Release|Win32
		{0BA6B0BC-05D5-4AD4-8E51-C826F6CFF241}.Release|x86.Build.0 = Release|Win32
		{4A6062D7-A58B-41DD-8B75-A2762DF84C65}.Debug|x64.ActiveCfg = Debug|x64
		{4A6062D7-A58B-41DD-8B75-A2762DF84C65}.Debug|x64.Build.0 = Debug|x64
		{4A6062D7-A58B-41DD-8B75-A2762DF84C65}.Debug|x86.ActiveCfg = Debug|Win32
		{4A6062D7-A58B-41DD-8B75-A2762DF84C65}.Debug|x86.Build.0 = Debug|Win32
		{4A6062D7-A58B-41DD-8B75-A2762DF84C65}.Release|x64.ActiveCfg = Release|x64
		{4A6062D7-A58B-41DD-8B75-A2762DF84C65}.Release|x64.Build.0 = Release|x64
		{4A6062D7-A58B-41DD-8B75-A2762DF84C65}.Release|x86.ActiveCfg = Release|Win32
		{4A6062D7-A58B-41DD-8B75-A2762DF84C65}.Release|x86.Build.0 = Release|Win32
		{B51F1AC1-7F93-4F5B-AE0E-7C4B7AB6A932}.Debug|x64.ActiveCfg = Debug|x64
		{B51F1AC1-7F93-4F5B-AE0E-7C4B7AB6A932}.Debug|x64.Build.0 = Debug|x64
		{B51F1AC1-7F93-4F5B-AE0E-7C4B7AB6A932}.Debug|x86.ActiveCfg = Debug|Win32
		{B51F1AC1-7F93-4F5B-AE0E-7C4B7AB6A932}.Debug|x86.Build.0 = Debug|Win32
		{B51F1AC1-7F93-4F5B-AE0E-7C4B7AB6A932}.Release|x64.ActiveCfg = Release|x64
		{B51F1AC1-7F93-4F5B-AE0E-7C4B7AB6A932}.Release|x64.Build.0 = Release|x64
		{B51F1AC1-7F93-4F5B-AE0E-7C4B7AB6A932}.Release|x86.ActiveCfg = Release|Win32
		{B51F1AC1-7F93-4F5B-AE0E-7C4B7AB6A932}.Release|x86.Build.0 = Release|Win32
		{88270E18-6ACE-4AD7-8471-65696142C703}.Debug|x64.ActiveCfg = Debug|x64
		{88270E18-6ACE-4AD7-8471-65696142C703}.Debug|x64.Build.0 = Debug|x64
		{88270E18-6ACE-4AD7-8471-65696142C703}.Debug|x86.ActiveCfg = Debug|Win32
		{88270E18-6ACE-4AD7-8471-65696142C703}.Debug|x86.Build.0 = Debug|Win32
		{88270E18-6ACE-4AD7-8471-65696142C703}.Release|x64.ActiveCfg = Release|x64
		{88270E18-6ACE-4AD7-8471-65696142C703}.Release|x64.Build.0 = Release|x64
		{88270E18-6ACE-4AD7-8471-65696142C703}.Release|x86.ActiveCfg = Release|Win32
		{88270E18-6ACE-4AD7-8471-65696142C703}.Release|x86.Build.0 = Release|Win32
		{BE8927D2-F5A5-46B3-B117-D064E5B6DE5A}.Debug|x64.ActiveCfg = Debug|x64
		{BE8927D2-F5A5-46B3-B117-D064E5B6DE5A}.Debug|x64.Build.0 = Debug|x64
		{BE8927D2-F5A5-46B3-B117-D064E5B6DE5A}.Debug|x86.ActiveCfg = Debug|Win32
		{BE8927D2-F5A5-46B3-B117-D064E5B6DE5A}.Debug|x86.Build.0 = Debug|Win32
		{BE8927D2-F5A5-46B3-B117-D064E5B6DE5A}.Release|x64.ActiveCfg = Release|x64
		{BE8927D2-F5A5-46B3-B117-D064E5B6DE5A}.Release|x64.Build.0 = Release|x64
		{BE8927D2-F5A5-46B3-B117-D064E5B6DE5A}.Release|x86.ActiveCfg = Release|Win32
		{BE8927D2-F5A5-46B3-B117-D064E5B6DE5A}.Release|x86.Build.0 = Release|Win32
		{790CB509-6D5F-478C-B638-FC893B52DD90}.Debug|x64.ActiveCfg = Debug|x64
		{790CB509-6D5F-478C-B638-FC893B52DD90}.Debug|x64.Build.0 = Debug|x64
		{790CB509-6D5F-478C-B638-FC893B52DD90}.Debug|x86.ActiveCfg = Debug|Win32
		{790CB509-6D5F-478C-B638-FC893B52DD90}.Debug|x86.Build.0 = Debug|Win32
		{790CB509-6D5F-478C-B638-FC893B52DD90}.Release|x64.ActiveCfg = Release|x64
		{790CB509-6D5F-478C-B638-FC893B52DD90}.Release|x64.Build.0 = Release|x64
		{790CB509-6D5F-478C-B638-FC893B52DD90}.Release|x86.ActiveCfg = Release|Win32
		{790CB509-6D5F-478C-B638-FC893B52DD90}.Release|x86.Build.0 = Release|Win32
		{9D96CAD5-77EC-43BD-A02E-FBBD72197607}.Debug|x64.ActiveCfg = Debug|x64
		{9D96CAD5-77EC-43BD-A02E-FBBD72197607}.Debug|x64.Build.0 = Debug|x64
		{9D96CAD5-77EC-43BD-A02E-FBBD72197607}.Debug|x86.ActiveCfg = Debug|Win32
		{9D96CAD5-77EC-43BD-A02E-FBBD72197607}.Debug|x86.Build.0 = Debug|Win32
		{9D96CAD5-77EC-43BD-A02E-FBBD72197607}.Release|x64.ActiveCfg = Release|x64
		{9D96CAD5-77EC-43BD-A02E-FBBD72197607}.Release|x64.Build.0 = Release|x64
		{9D96CAD5-77EC-43BD-A02E-FBBD72197607}.Release|x86.ActiveCfg = Release|Win32
		{9D96CAD5-77EC-43BD-A02E-FBBD72197607}.Release|x86.Build.0 = Release|Win32
		{9DA8CF36-93A5-4849-BA96-C9217029464A}.Debug|x64.ActiveCfg = Debug|x64
		{9DA8CF36-93A5-4849-BA96-C9217029464A}.Debug|x64.Build.0 = Debug|x64
		{9DA8CF36-93A5-4849-BA96-C9217029464A}.Debug|x86.ActiveCfg = Debug|Win32
		{9DA8CF36-93A5-4849-BA96-C9217029464A}.Debug|x86.Build.0 = Debug|Win32
		{9DA8CF36-93A5-4849-BA96-C9217029464A}.Release|x64.ActiveCfg = Release|x64
		{9DA8CF36-93A5-4849-BA96-C9217029464A}.Release|x64.Build.0 = Release|x64
		{9DA8CF36-93A5-4849-BA96-C9217029464A}.Release|x86.ActiveCfg = Release|Win32
		{9DA8CF36-93A5-4849-BA96-C9217029464A}.Release|x86.Build.0 = Release|Win32
	EndGlobalSection
	GlobalSection(SolutionProperties) = preSolution
		HideSolutionNode = FALSE
	EndGlobalSection
	GlobalSection(NestedProjects) = preSolution
		{5726163F-C98D-4A8D-B8CD-E1EF74004D55} = {02EA681E-C7D8-13C7-8484-4AC65E1B71E8}
		{45F3E99B-40E0-4E52-96AE-86F9DE0D5DA3} = {04F9C63F-B18E-4141-B2CC-373C4E7751DA}
		{F301CA65-513B-4B47-A7A9-810EA9903511} = {DF24D38C-59A6-4942-BC3E-E31F80A9554D}
		{0F9E0F5D-3584-447A-83A0-BF072BABA68A} = {DF24D38C-59A6-4942-BC3E-E31F80A9554D}
		{ED35F8A9-060E-408F-90F5-D5CB7EF8E509} = {DF24D38C-59A6-4942-BC3E-E31F80A9554D}
		{18AEA36C-7EFE-4EC1-BB8A-075F6CAF6268} = {DF24D38C-59A6-4942-BC3E-E31F80A9554D}
		{3CD717E4-921C-42EA-AFEB-E9E195072EBA} = {DF24D38C-59A6-4942-BC3E-E31F80A9554D}
		{7C330C3F-FA58-448B-84C6-0E7EF1CC8560} = {DF24D38C-59A6-4942-BC3E-E31F80A9554D}
		{F31C3311-F56E-4FB4-BD04-F85F94583FCC} = {DF24D38C-59A6-4942-BC3E-E31F80A9554D}
		{79F75D2D-80A1-4C7F-9657-1A1756C920F3} = {DF24D38C-59A6-4942-BC3E-E31F80A9554D}
		{E3070E6D-0EB3-4725-A9A6-7681D081D88B} = {DF24D38C-59A6-4942-BC3E-E31F80A9554D}
		{0BA6B0BC-05D5-4AD4-8E51-C826F6CFF241} = {DF24D38C-59A6-4942-BC3E-E31F80A9554D}
		{4A6062D7-A58B-41DD-8B75-A2762DF84C65} = {DF24D38C-59A6-4942-BC3E-E31F80A9554D}
		{B51F1AC1-7F93-4F5B-AE0E-7C4B7AB6A932} = {DF24D38C-59A6-4942-BC3E-E31F80A9554D}
		{88270E18-6ACE-4AD7-8471-65696142C703} = {DF24D38C-59A6-4942-BC3E-E31F80A9554D}
		{BE8927D2-F5A5-46B3-B117-D064E5B6DE5A} = {DF24D38C-59A6-4942-BC3E-E31F80A9554D}
		{790CB509-6D5F-478C-B638-FC893B52DD90} = {DF24D38C-59A6-4942-BC3E-E31F80A9554D}
		{9D96CAD5-77EC-43BD-A02E-FBBD72197607} = {42D27BA7-CE6E-45C1-94FF-B5B12845739B}
		{9DA8CF36-93A5-4849-BA96-C9217029464A} = {42D27BA7-CE6E-45C1-94FF-B5B12845739B}
	EndGlobalSection
	GlobalSection(ExtensibilityGlobals) = postSolution
		SolutionGuid = {E0DA83CD-DAFF-4D4B-8FE3-130A1F9C61DB}
	EndGlobalSection
EndGlobal
